
Microsoft Visual Studio Solution File, Format Version 12.00
# Visual Studio Version 17
VisualStudioVersion = 17.6.33829.357
MinimumVisualStudioVersion = 10.0.40219.1
Project("{9A19103F-16F7-4668-BE54-9A1E7A4F7556}") = "BankApplication.Console", "BankApplication.Console\BankApplication.Console.csproj", "{D182A537-3C33-4F63-A685-7CBF7036265A}"
EndProject
Project("{9A19103F-16F7-4668-BE54-9A1E7A4F7556}") = "BankApplication.Model", "BankApplication.Model\BankApplication.Model.csproj", "{60C9E7C5-13D6-4690-BE44-00516D9F9C6E}"
EndProject
Project("{9A19103F-16F7-4668-BE54-9A1E7A4F7556}") = "BankApplication.Common", "BankApplication.Common\BankApplication.Common.csproj", "{6B80871D-0C85-4A06-916E-39B1EF13B96B}"
EndProject
Project("{9A19103F-16F7-4668-BE54-9A1E7A4F7556}") = "BankApplication.Core", "BankApplication.Core\BankApplication.Core.csproj", "{7E55ABB5-6415-423C-8FF1-8C306BDDC3FD}"
EndProject
Project("{9A19103F-16F7-4668-BE54-9A1E7A4F7556}") = "BankApplicationTest", "BankApplicationTest\BankApplicationTest.csproj", "{A13C980F-D7E8-49AF-8C8C-39B6642A60E0}"
EndProject
Global
	GlobalSection(SolutionConfigurationPlatforms) = preSolution
		Debug|Any CPU = Debug|Any CPU
		Release|Any CPU = Release|Any CPU
	EndGlobalSection
	GlobalSection(ProjectConfigurationPlatforms) = postSolution
		{D182A537-3C33-4F63-A685-7CBF7036265A}.Debug|Any CPU.ActiveCfg = Debug|Any CPU
		{D182A537-3C33-4F63-A685-7CBF7036265A}.Debug|Any CPU.Build.0 = Debug|Any CPU
		{D182A537-3C33-4F63-A685-7CBF7036265A}.Release|Any CPU.ActiveCfg = Release|Any CPU
		{D182A537-3C33-4F63-A685-7CBF7036265A}.Release|Any CPU.Build.0 = Release|Any CPU
		{60C9E7C5-13D6-4690-BE44-00516D9F9C6E}.Debug|Any CPU.ActiveCfg = Debug|Any CPU
		{60C9E7C5-13D6-4690-BE44-00516D9F9C6E}.Debug|Any CPU.Build.0 = Debug|Any CPU
		{60C9E7C5-13D6-4690-BE44-00516D9F9C6E}.Release|Any CPU.ActiveCfg = Release|Any CPU
		{60C9E7C5-13D6-4690-BE44-00516D9F9C6E}.Release|Any CPU.Build.0 = Release|Any CPU
		{6B80871D-0C85-4A06-916E-39B1EF13B96B}.Debug|Any CPU.ActiveCfg = Debug|Any CPU
		{6B80871D-0C85-4A06-916E-39B1EF13B96B}.Debug|Any CPU.Build.0 = Debug|Any CPU
		{6B80871D-0C85-4A06-916E-39B1EF13B96B}.Release|Any CPU.ActiveCfg = Release|Any CPU
		{6B80871D-0C85-4A06-916E-39B1EF13B96B}.Release|Any CPU.Build.0 = Release|Any CPU
		{7E55ABB5-6415-423C-8FF1-8C306BDDC3FD}.Debug|Any CPU.ActiveCfg = Debug|Any CPU
		{7E55ABB5-6415-423C-8FF1-8C306BDDC3FD}.Debug|Any CPU.Build.0 = Debug|Any CPU
		{7E55ABB5-6415-423C-8FF1-8C306BDDC3FD}.Release|Any CPU.ActiveCfg = Release|Any CPU
		{7E55ABB5-6415-423C-8FF1-8C306BDDC3FD}.Release|Any CPU.Build.0 = Release|Any CPU
		{A13C980F-D7E8-49AF-8C8C-39B6642A60E0}.Debug|Any CPU.ActiveCfg = Debug|Any CPU
		{A13C980F-D7E8-49AF-8C8C-39B6642A60E0}.Debug|Any CPU.Build.0 = Debug|Any CPU
		{A13C980F-D7E8-49AF-8C8C-39B6642A60E0}.Release|Any CPU.ActiveCfg = Release|Any CPU
		{A13C980F-D7E8-49AF-8C8C-39B6642A60E0}.Release|Any CPU.Build.0 = Release|Any CPU
	EndGlobalSection
	GlobalSection(SolutionProperties) = preSolution
		HideSolutionNode = FALSE
	EndGlobalSection
	GlobalSection(ExtensibilityGlobals) = postSolution
		SolutionGuid = {7B8DE1FE-E1B6-459D-87B8-0C3206463BE3}
	EndGlobalSection
EndGlobal
